
Microsoft Visual Studio Solution File, Format Version 12.00
# Visual Studio Version 16
VisualStudioVersion = 16.0.31105.61
MinimumVisualStudioVersion = 10.0.40219.1
Project("{9A19103F-16F7-4668-BE54-9A1E7A4F7556}") = "PlanB.App", "PlanB.App\PlanB.App.csproj", "{10EC1D63-B38D-4E9A-A041-C6B332F7302F}"
EndProject
Project("{2150E333-8FDC-42A3-9474-1A3956D46DE8}") = "Tests", "Tests", "{BF3DA40F-E0E7-4E8A-AA39-5E486807EE4F}"
EndProject
Project("{9A19103F-16F7-4668-BE54-9A1E7A4F7556}") = "PlanB.App.Test", "Tests\PlanB.App.Test\PlanB.App.Test.csproj", "{8AA607DD-C990-4648-8E7D-32EA1758B3E1}"
EndProject
Project("{9A19103F-16F7-4668-BE54-9A1E7A4F7556}") = "PlanB.Tests.Functional", "Tests\PlanB.Tests.Functional\PlanB.Tests.Functional.csproj", "{D87BD10D-8AC1-475B-94B0-3DAA6C63253D}"
EndProject
Project("{2150E333-8FDC-42A3-9474-1A3956D46DE8}") = "BackEnd", "BackEnd", "{0CD3BD86-C9CA-4AD8-919C-7000D5EB3B5C}"
EndProject
Project("{2150E333-8FDC-42A3-9474-1A3956D46DE8}") = "Modules", "Modules", "{0AF57BFD-D847-4D88-AE21-C9D8F1BE9CD4}"
EndProject
Project("{FAE04EC0-301F-11D3-BF4B-00C04F79EFBC}") = "PlanB.Solution.Module.ActivityLog", "BackEnd\Modules\PlanB.Solution.Module.ActivityLog\PlanB.Solution.Module.ActivityLog.csproj", "{488310AF-8C8D-4984-A80B-AEE84DA5E6CF}"
EndProject
Project("{FAE04EC0-301F-11D3-BF4B-00C04F79EFBC}") = "PlanB.Solution.Module.Core", "BackEnd\Modules\PlanB.Solution.Module.Core\PlanB.Solution.Module.Core.csproj", "{195F9590-6BDF-4960-ABF2-F4F5003BF672}"
EndProject
Project("{FAE04EC0-301F-11D3-BF4B-00C04F79EFBC}") = "PlanB.Solution.Module.EmailSenderSending", "BackEnd\Modules\PlanB.Solution.Module.EmailSenderSending\PlanB.Solution.Module.EmailSenderSending.csproj", "{C384AB9F-4558-456F-828C-06C29587889C}"
EndProject
Project("{FAE04EC0-301F-11D3-BF4B-00C04F79EFBC}") = "PlanB.Solution.Module.EmailSenderSmtp", "BackEnd\Modules\PlanB.Solution.Module.EmailSenderSmtp\PlanB.Solution.Module.EmailSenderSmtp.csproj", "{C4F2DD52-1F13-47F0-B67F-8AEC075E4B34}"
EndProject
Project("{FAE04EC0-301F-11D3-BF4B-00C04F79EFBC}") = "PlanB.Solution.Module.Exams", "BackEnd\Modules\PlanB.Solution.Module.Exams\PlanB.Solution.Module.Exams.csproj", "{1410EFFF-E534-4FC1-85B1-FF3E4D9DDDAB}"
EndProject
Global
	GlobalSection(SolutionConfigurationPlatforms) = preSolution
		Debug|Any CPU = Debug|Any CPU
		Release|Any CPU = Release|Any CPU
	EndGlobalSection
	GlobalSection(ProjectConfigurationPlatforms) = postSolution
		{10EC1D63-B38D-4E9A-A041-C6B332F7302F}.Debug|Any CPU.ActiveCfg = Debug|Any CPU
		{10EC1D63-B38D-4E9A-A041-C6B332F7302F}.Debug|Any CPU.Build.0 = Debug|Any CPU
		{10EC1D63-B38D-4E9A-A041-C6B332F7302F}.Release|Any CPU.ActiveCfg = Release|Any CPU
		{10EC1D63-B38D-4E9A-A041-C6B332F7302F}.Release|Any CPU.Build.0 = Release|Any CPU
		{8AA607DD-C990-4648-8E7D-32EA1758B3E1}.Debug|Any CPU.ActiveCfg = Debug|Any CPU
		{8AA607DD-C990-4648-8E7D-32EA1758B3E1}.Debug|Any CPU.Build.0 = Debug|Any CPU
		{8AA607DD-C990-4648-8E7D-32EA1758B3E1}.Release|Any CPU.ActiveCfg = Release|Any CPU
		{8AA607DD-C990-4648-8E7D-32EA1758B3E1}.Release|Any CPU.Build.0 = Release|Any CPU
		{D87BD10D-8AC1-475B-94B0-3DAA6C63253D}.Debug|Any CPU.ActiveCfg = Debug|Any CPU
		{D87BD10D-8AC1-475B-94B0-3DAA6C63253D}.Debug|Any CPU.Build.0 = Debug|Any CPU
		{D87BD10D-8AC1-475B-94B0-3DAA6C63253D}.Release|Any CPU.ActiveCfg = Release|Any CPU
		{D87BD10D-8AC1-475B-94B0-3DAA6C63253D}.Release|Any CPU.Build.0 = Release|Any CPU
		{488310AF-8C8D-4984-A80B-AEE84DA5E6CF}.Debug|Any CPU.ActiveCfg = Debug|Any CPU
		{488310AF-8C8D-4984-A80B-AEE84DA5E6CF}.Debug|Any CPU.Build.0 = Debug|Any CPU
		{488310AF-8C8D-4984-A80B-AEE84DA5E6CF}.Release|Any CPU.ActiveCfg = Release|Any CPU
		{488310AF-8C8D-4984-A80B-AEE84DA5E6CF}.Release|Any CPU.Build.0 = Release|Any CPU
		{195F9590-6BDF-4960-ABF2-F4F5003BF672}.Debug|Any CPU.ActiveCfg = Debug|Any CPU
		{195F9590-6BDF-4960-ABF2-F4F5003BF672}.Debug|Any CPU.Build.0 = Debug|Any CPU
		{195F9590-6BDF-4960-ABF2-F4F5003BF672}.Release|Any CPU.ActiveCfg = Release|Any CPU
		{195F9590-6BDF-4960-ABF2-F4F5003BF672}.Release|Any CPU.Build.0 = Release|Any CPU
		{C384AB9F-4558-456F-828C-06C29587889C}.Debug|Any CPU.ActiveCfg = Debug|Any CPU
		{C384AB9F-4558-456F-828C-06C29587889C}.Debug|Any CPU.Build.0 = Debug|Any CPU
		{C384AB9F-4558-456F-828C-06C29587889C}.Release|Any CPU.ActiveCfg = Release|Any CPU
		{C384AB9F-4558-456F-828C-06C29587889C}.Release|Any CPU.Build.0 = Release|Any CPU
		{C4F2DD52-1F13-47F0-B67F-8AEC075E4B34}.Debug|Any CPU.ActiveCfg = Debug|Any CPU
		{C4F2DD52-1F13-47F0-B67F-8AEC075E4B34}.Debug|Any CPU.Build.0 = Debug|Any CPU
		{C4F2DD52-1F13-47F0-B67F-8AEC075E4B34}.Release|Any CPU.ActiveCfg = Release|Any CPU
		{C4F2DD52-1F13-47F0-B67F-8AEC075E4B34}.Release|Any CPU.Build.0 = Release|Any CPU
		{1410EFFF-E534-4FC1-85B1-FF3E4D9DDDAB}.Debug|Any CPU.ActiveCfg = Debug|Any CPU
		{1410EFFF-E534-4FC1-85B1-FF3E4D9DDDAB}.Debug|Any CPU.Build.0 = Debug|Any CPU
		{1410EFFF-E534-4FC1-85B1-FF3E4D9DDDAB}.Release|Any CPU.ActiveCfg = Release|Any CPU
		{1410EFFF-E534-4FC1-85B1-FF3E4D9DDDAB}.Release|Any CPU.Build.0 = Release|Any CPU
	EndGlobalSection
	GlobalSection(SolutionProperties) = preSolution
		HideSolutionNode = FALSE
	EndGlobalSection
	GlobalSection(NestedProjects) = preSolution
		{8AA607DD-C990-4648-8E7D-32EA1758B3E1} = {BF3DA40F-E0E7-4E8A-AA39-5E486807EE4F}
		{D87BD10D-8AC1-475B-94B0-3DAA6C63253D} = {BF3DA40F-E0E7-4E8A-AA39-5E486807EE4F}
		{0AF57BFD-D847-4D88-AE21-C9D8F1BE9CD4} = {0CD3BD86-C9CA-4AD8-919C-7000D5EB3B5C}
		{488310AF-8C8D-4984-A80B-AEE84DA5E6CF} = {0AF57BFD-D847-4D88-AE21-C9D8F1BE9CD4}
		{195F9590-6BDF-4960-ABF2-F4F5003BF672} = {0AF57BFD-D847-4D88-AE21-C9D8F1BE9CD4}
		{C384AB9F-4558-456F-828C-06C29587889C} = {0AF57BFD-D847-4D88-AE21-C9D8F1BE9CD4}
		{C4F2DD52-1F13-47F0-B67F-8AEC075E4B34} = {0AF57BFD-D847-4D88-AE21-C9D8F1BE9CD4}
		{1410EFFF-E534-4FC1-85B1-FF3E4D9DDDAB} = {0AF57BFD-D847-4D88-AE21-C9D8F1BE9CD4}
	EndGlobalSection
	GlobalSection(ExtensibilityGlobals) = postSolution
		SolutionGuid = {C928F22E-C24C-400A-BB77-336D1501743D}
	EndGlobalSection
EndGlobal
